# This file is generated by running "yarn install" inside your project.
# Manual changes might be lost - proceed with caution!

__metadata:
  version: 4

"abc@workspace:packages/abc":
  version: 0.0.0-use.local
  resolution: "abc@workspace:packages/abc"
  languageName: unknown
  linkType: soft

"def@workspace:packages/def":
  version: 0.0.0-use.local
  resolution: "def@workspace:packages/def"
  languageName: unknown
  linkType: soft

"jkl@workspace:packages/jkl":
  version: 0.0.0-use.local
  resolution: "jkl@workspace:packages/jkl"
  languageName: unknown
  linkType: soft

"xyz@workspace:packages/xyz":
  version: 0.0.0-use.local
  resolution: "xyz@workspace:packages/xyz"
  languageName: unknown
  linkType: soft

"yarn-2-foreach-bug@workspace:.":
  version: 0.0.0-use.local
  resolution: "yarn-2-foreach-bug@workspace:."
  languageName: unknown
  linkType: soft
